// !$*UTF8*$!
{
	archiveVersion = 1;
	classes = {
	};
	objectVersion = 50;
	objects = {

/* Begin PBXBuildFile section */
		2846B4FD2137C71E0021C00B /* RootView.m in Sources */ = {isa = PBXBuildFile; fileRef = 2846B4FC2137C71E0021C00B /* RootView.m */; };
		286063102278359000C753F8 /* GoogleService-Info.plist in Resources */ = {isa = PBXBuildFile; fileRef = 2860630F2278359000C753F8 /* GoogleService-Info.plist */; };
		286074292112E1260013628F /* AppDelegate.m in Sources */ = {isa = PBXBuildFile; fileRef = 286074282112E1260013628F /* AppDelegate.m */; };
		2860742C2112E1260013628F /* ViewController.m in Sources */ = {isa = PBXBuildFile; fileRef = 2860742B2112E1260013628F /* ViewController.m */; };
		2860742F2112E1260013628F /* Main.storyboard in Resources */ = {isa = PBXBuildFile; fileRef = 2860742D2112E1260013628F /* Main.storyboard */; };
		286074312112E1280013628F /* Assets.xcassets in Resources */ = {isa = PBXBuildFile; fileRef = 286074302112E1280013628F /* Assets.xcassets */; };
		286074342112E1280013628F /* LaunchScreen.storyboard in Resources */ = {isa = PBXBuildFile; fileRef = 286074322112E1280013628F /* LaunchScreen.storyboard */; };
		286074372112E1280013628F /* main.m in Sources */ = {isa = PBXBuildFile; fileRef = 286074362112E1280013628F /* main.m */; };
		2860743F2112E1FE0013628F /* CustomView.m in Sources */ = {isa = PBXBuildFile; fileRef = 2860743E2112E1FE0013628F /* CustomView.m */; };
		28671C9422F2B9CE0048AFE2 /* LaunchScreenViewController.m in Sources */ = {isa = PBXBuildFile; fileRef = 28671C9322F2B9CE0048AFE2 /* LaunchScreenViewController.m */; };
		28671C9722F2BA3B0048AFE2 /* LaunchView.m in Sources */ = {isa = PBXBuildFile; fileRef = 28671C9622F2BA3B0048AFE2 /* LaunchView.m */; };
		28671C9E22F2BBC80048AFE2 /* LaunchSC.storyboard in Resources */ = {isa = PBXBuildFile; fileRef = 28671C9D22F2BBC80048AFE2 /* LaunchSC.storyboard */; };
		289C538E22D5DE1A000E81AD /* 1.png in Resources */ = {isa = PBXBuildFile; fileRef = 289C538D22D5DE1A000E81AD /* 1.png */; };
		289C539122D5DEEE000E81AD /* TableViewCell.m in Sources */ = {isa = PBXBuildFile; fileRef = 289C539022D5DEEE000E81AD /* TableViewCell.m */; };
		28ACF56B212FF4320006F95C /* btnSearchOrange@1x.png in Resources */ = {isa = PBXBuildFile; fileRef = 28ACF56A212FF4320006F95C /* btnSearchOrange@1x.png */; };
		28BB831322B75BBB003C9F1F /* container in Resources */ = {isa = PBXBuildFile; fileRef = 28BB831222B75BBB003C9F1F /* container */; };
		EEF0D0D0349937EE98BC0B55 /* libPods-test2ios.a in Frameworks */ = {isa = PBXBuildFile; fileRef = 3C4BB82722E6A2050D72A30F /* libPods-test2ios.a */; };
/* End PBXBuildFile section */

/* Begin PBXFileReference section */
		2846B4FB2137C71E0021C00B /* RootView.h */ = {isa = PBXFileReference; lastKnownFileType = sourcecode.c.h; path = RootView.h; sourceTree = "<group>"; };
		2846B4FC2137C71E0021C00B /* RootView.m */ = {isa = PBXFileReference; lastKnownFileType = sourcecode.c.objc; path = RootView.m; sourceTree = "<group>"; };
		2860630F2278359000C753F8 /* GoogleService-Info.plist */ = {isa = PBXFileReference; fileEncoding = 4; lastKnownFileType = text.plist.xml; path = "GoogleService-Info.plist"; sourceTree = "<group>"; };
		286074242112E1260013628F /* test2ios.app */ = {isa = PBXFileReference; explicitFileType = wrapper.application; includeInIndex = 0; path = test2ios.app; sourceTree = BUILT_PRODUCTS_DIR; };
		286074272112E1260013628F /* AppDelegate.h */ = {isa = PBXFileReference; lastKnownFileType = sourcecode.c.h; path = AppDelegate.h; sourceTree = "<group>"; };
		286074282112E1260013628F /* AppDelegate.m */ = {isa = PBXFileReference; lastKnownFileType = sourcecode.c.objc; path = AppDelegate.m; sourceTree = "<group>"; };
		2860742A2112E1260013628F /* ViewController.h */ = {isa = PBXFileReference; lastKnownFileType = sourcecode.c.h; path = ViewController.h; sourceTree = "<group>"; };
		2860742B2112E1260013628F /* ViewController.m */ = {isa = PBXFileReference; lastKnownFileType = sourcecode.c.objc; path = ViewController.m; sourceTree = "<group>"; };
		2860742E2112E1260013628F /* Base */ = {isa = PBXFileReference; lastKnownFileType = file.storyboard; name = Base; path = Base.lproj/Main.storyboard; sourceTree = "<group>"; };
		286074302112E1280013628F /* Assets.xcassets */ = {isa = PBXFileReference; lastKnownFileType = folder.assetcatalog; path = Assets.xcassets; sourceTree = "<group>"; };
		286074332112E1280013628F /* Base */ = {isa = PBXFileReference; lastKnownFileType = file.storyboard; name = Base; path = Base.lproj/LaunchScreen.storyboard; sourceTree = "<group>"; };
		286074362112E1280013628F /* main.m */ = {isa = PBXFileReference; lastKnownFileType = sourcecode.c.objc; path = main.m; sourceTree = "<group>"; };
		2860743D2112E1FE0013628F /* CustomView.h */ = {isa = PBXFileReference; lastKnownFileType = sourcecode.c.h; path = CustomView.h; sourceTree = "<group>"; };
		2860743E2112E1FE0013628F /* CustomView.m */ = {isa = PBXFileReference; lastKnownFileType = sourcecode.c.objc; path = CustomView.m; sourceTree = "<group>"; };
		28671C9022F2B7A20048AFE2 /* en */ = {isa = PBXFileReference; lastKnownFileType = text.plist.strings; name = en; path = en.lproj/LaunchScreen.strings; sourceTree = "<group>"; };
		28671C9122F2B89B0048AFE2 /* zh-Hans */ = {isa = PBXFileReference; lastKnownFileType = text.plist.strings; name = "zh-Hans"; path = "zh-Hans.lproj/LaunchScreen.strings"; sourceTree = "<group>"; };
		28671C9222F2B9CE0048AFE2 /* LaunchScreenViewController.h */ = {isa = PBXFileReference; lastKnownFileType = sourcecode.c.h; path = LaunchScreenViewController.h; sourceTree = "<group>"; };
		28671C9322F2B9CE0048AFE2 /* LaunchScreenViewController.m */ = {isa = PBXFileReference; lastKnownFileType = sourcecode.c.objc; path = LaunchScreenViewController.m; sourceTree = "<group>"; };
		28671C9522F2BA3B0048AFE2 /* LaunchView.h */ = {isa = PBXFileReference; lastKnownFileType = sourcecode.c.h; path = LaunchView.h; sourceTree = "<group>"; };
		28671C9622F2BA3B0048AFE2 /* LaunchView.m */ = {isa = PBXFileReference; lastKnownFileType = sourcecode.c.objc; path = LaunchView.m; sourceTree = "<group>"; };
		28671C9A22F2BB900048AFE2 /* en */ = {isa = PBXFileReference; lastKnownFileType = text.plist.xml; name = en; path = en.lproj/Info.plist; sourceTree = "<group>"; };
		28671C9C22F2BB970048AFE2 /* zh-Hans */ = {isa = PBXFileReference; lastKnownFileType = text.plist.xml; name = "zh-Hans"; path = "zh-Hans.lproj/Info.plist"; sourceTree = "<group>"; };
		28671C9D22F2BBC80048AFE2 /* LaunchSC.storyboard */ = {isa = PBXFileReference; lastKnownFileType = file.storyboard; path = LaunchSC.storyboard; sourceTree = "<group>"; };
		289C538D22D5DE1A000E81AD /* 1.png */ = {isa = PBXFileReference; lastKnownFileType = image.png; path = 1.png; sourceTree = "<group>"; };
		289C538F22D5DEEE000E81AD /* TableViewCell.h */ = {isa = PBXFileReference; lastKnownFileType = sourcecode.c.h; path = TableViewCell.h; sourceTree = "<group>"; };
		289C539022D5DEEE000E81AD /* TableViewCell.m */ = {isa = PBXFileReference; lastKnownFileType = sourcecode.c.objc; path = TableViewCell.m; sourceTree = "<group>"; };
		28A88322222D0C3200EC1BEA /* PhotoEditorSDK.framework */ = {isa = PBXFileReference; lastKnownFileType = wrapper.framework; path = PhotoEditorSDK.framework; sourceTree = "<group>"; };
		28ACF56A212FF4320006F95C /* btnSearchOrange@1x.png */ = {isa = PBXFileReference; lastKnownFileType = image.png; path = "btnSearchOrange@1x.png"; sourceTree = "<group>"; };
		28BB831222B75BBB003C9F1F /* container */ = {isa = PBXFileReference; lastKnownFileType = folder; path = container; sourceTree = SOURCE_ROOT; };
		3C4BB82722E6A2050D72A30F /* libPods-test2ios.a */ = {isa = PBXFileReference; explicitFileType = archive.ar; includeInIndex = 0; path = "libPods-test2ios.a"; sourceTree = BUILT_PRODUCTS_DIR; };
		7E705EB0CC8F2234C8F8AA76 /* Pods-test2ios.release.xcconfig */ = {isa = PBXFileReference; includeInIndex = 1; lastKnownFileType = text.xcconfig; name = "Pods-test2ios.release.xcconfig"; path = "Pods/Target Support Files/Pods-test2ios/Pods-test2ios.release.xcconfig"; sourceTree = "<group>"; };
		960D407A80EF233F081240B0 /* Pods-test2ios.debug.xcconfig */ = {isa = PBXFileReference; includeInIndex = 1; lastKnownFileType = text.xcconfig; name = "Pods-test2ios.debug.xcconfig"; path = "Pods/Target Support Files/Pods-test2ios/Pods-test2ios.debug.xcconfig"; sourceTree = "<group>"; };
/* End PBXFileReference section */

/* Begin PBXFrameworksBuildPhase section */
		286074212112E1260013628F /* Frameworks */ = {
			isa = PBXFrameworksBuildPhase;
			buildActionMask = 2147483647;
			files = (
				EEF0D0D0349937EE98BC0B55 /* libPods-test2ios.a in Frameworks */,
			);
			runOnlyForDeploymentPostprocessing = 0;
		};
/* End PBXFrameworksBuildPhase section */

/* Begin PBXGroup section */
		10DE8B155BFC1F3D24289742 /* Pods */ = {
			isa = PBXGroup;
			children = (
				960D407A80EF233F081240B0 /* Pods-test2ios.debug.xcconfig */,
				7E705EB0CC8F2234C8F8AA76 /* Pods-test2ios.release.xcconfig */,
			);
			name = Pods;
			sourceTree = "<group>";
		};
		2860741B2112E1260013628F = {
			isa = PBXGroup;
			children = (
				28A88322222D0C3200EC1BEA /* PhotoEditorSDK.framework */,
				286074262112E1260013628F /* test2ios */,
				286074252112E1260013628F /* Products */,
				10DE8B155BFC1F3D24289742 /* Pods */,
				8946725FB6500D7A343B312C /* Frameworks */,
			);
			sourceTree = "<group>";
		};
		286074252112E1260013628F /* Products */ = {
			isa = PBXGroup;
			children = (
				286074242112E1260013628F /* test2ios.app */,
			);
			name = Products;
			sourceTree = "<group>";
		};
		286074262112E1260013628F /* test2ios */ = {
			isa = PBXGroup;
			children = (
				28BB831222B75BBB003C9F1F /* container */,
				2860630F2278359000C753F8 /* GoogleService-Info.plist */,
				28ACF56A212FF4320006F95C /* btnSearchOrange@1x.png */,
				289C538D22D5DE1A000E81AD /* 1.png */,
				286074272112E1260013628F /* AppDelegate.h */,
				286074282112E1260013628F /* AppDelegate.m */,
				2860742A2112E1260013628F /* ViewController.h */,
				2860742B2112E1260013628F /* ViewController.m */,
				2860742D2112E1260013628F /* Main.storyboard */,
				289C538F22D5DEEE000E81AD /* TableViewCell.h */,
				289C539022D5DEEE000E81AD /* TableViewCell.m */,
				28671C9222F2B9CE0048AFE2 /* LaunchScreenViewController.h */,
				28671C9322F2B9CE0048AFE2 /* LaunchScreenViewController.m */,
				28671C9522F2BA3B0048AFE2 /* LaunchView.h */,
				28671C9622F2BA3B0048AFE2 /* LaunchView.m */,
				286074302112E1280013628F /* Assets.xcassets */,
				286074322112E1280013628F /* LaunchScreen.storyboard */,
				28671C9D22F2BBC80048AFE2 /* LaunchSC.storyboard */,
				28671C9B22F2BB900048AFE2 /* Info.plist */,
				286074362112E1280013628F /* main.m */,
				2860743D2112E1FE0013628F /* CustomView.h */,
				2860743E2112E1FE0013628F /* CustomView.m */,
				2846B4FB2137C71E0021C00B /* RootView.h */,
				2846B4FC2137C71E0021C00B /* RootView.m */,
			);
			path = test2ios;
			sourceTree = "<group>";
		};
		8946725FB6500D7A343B312C /* Frameworks */ = {
			isa = PBXGroup;
			children = (
				3C4BB82722E6A2050D72A30F /* libPods-test2ios.a */,
			);
			name = Frameworks;
			sourceTree = "<group>";
		};
/* End PBXGroup section */

/* Begin PBXNativeTarget section */
		286074232112E1260013628F /* test2ios */ = {
			isa = PBXNativeTarget;
			buildConfigurationList = 2860743A2112E1280013628F /* Build configuration list for PBXNativeTarget "test2ios" */;
			buildPhases = (
				D97D17283A0693CF1C78B9B9 /* [CP] Check Pods Manifest.lock */,
				286074202112E1260013628F /* Sources */,
				286074212112E1260013628F /* Frameworks */,
				286074222112E1260013628F /* Resources */,
			);
			buildRules = (
			);
			dependencies = (
			);
			name = test2ios;
			productName = test2ios;
			productReference = 286074242112E1260013628F /* test2ios.app */;
			productType = "com.apple.product-type.application";
		};
/* End PBXNativeTarget section */

/* Begin PBXProject section */
		2860741C2112E1260013628F /* Project object */ = {
			isa = PBXProject;
			attributes = {
				LastUpgradeCheck = 0940;
				ORGANIZATIONNAME = magicma;
				TargetAttributes = {
					286074232112E1260013628F = {
						CreatedOnToolsVersion = 9.4.1;
					};
				};
			};
			buildConfigurationList = 2860741F2112E1260013628F /* Build configuration list for PBXProject "test2ios" */;
			compatibilityVersion = "Xcode 9.3";
			developmentRegion = en;
			hasScannedForEncodings = 0;
			knownRegions = (
				en,
				Base,
				"zh-Hans",
			);
			mainGroup = 2860741B2112E1260013628F;
			productRefGroup = 286074252112E1260013628F /* Products */;
			projectDirPath = "";
			projectRoot = "";
			targets = (
				286074232112E1260013628F /* test2ios */,
			);
		};
/* End PBXProject section */

/* Begin PBXResourcesBuildPhase section */
		286074222112E1260013628F /* Resources */ = {
			isa = PBXResourcesBuildPhase;
			buildActionMask = 2147483647;
			files = (
				28BB831322B75BBB003C9F1F /* container in Resources */,
				28ACF56B212FF4320006F95C /* btnSearchOrange@1x.png in Resources */,
				286074342112E1280013628F /* LaunchScreen.storyboard in Resources */,
				28671C9E22F2BBC80048AFE2 /* LaunchSC.storyboard in Resources */,
				286063102278359000C753F8 /* GoogleService-Info.plist in Resources */,
				286074312112E1280013628F /* Assets.xcassets in Resources */,
				289C538E22D5DE1A000E81AD /* 1.png in Resources */,
				2860742F2112E1260013628F /* Main.storyboard in Resources */,
			);
			runOnlyForDeploymentPostprocessing = 0;
		};
/* End PBXResourcesBuildPhase section */

/* Begin PBXShellScriptBuildPhase section */
		D97D17283A0693CF1C78B9B9 /* [CP] Check Pods Manifest.lock */ = {
			isa = PBXShellScriptBuildPhase;
			buildActionMask = 2147483647;
			files = (
			);
			inputPaths = (
				"${PODS_PODFILE_DIR_PATH}/Podfile.lock",
				"${PODS_ROOT}/Manifest.lock",
			);
			name = "[CP] Check Pods Manifest.lock";
			outputPaths = (
				"$(DERIVED_FILE_DIR)/Pods-test2ios-checkManifestLockResult.txt",
			);
			runOnlyForDeploymentPostprocessing = 0;
			shellPath = /bin/sh;
			shellScript = "diff \"${PODS_PODFILE_DIR_PATH}/Podfile.lock\" \"${PODS_ROOT}/Manifest.lock\" > /dev/null\nif [ $? != 0 ] ; then\n    # print error to STDERR\n    echo \"error: The sandbox is not in sync with the Podfile.lock. Run 'pod install' or update your CocoaPods installation.\" >&2\n    exit 1\nfi\n# This output is used by Xcode 'outputs' to avoid re-running this script phase.\necho \"SUCCESS\" > \"${SCRIPT_OUTPUT_FILE_0}\"\n";
			showEnvVarsInLog = 0;
		};
/* End PBXShellScriptBuildPhase section */

/* Begin PBXSourcesBuildPhase section */
		286074202112E1260013628F /* Sources */ = {
			isa = PBXSourcesBuildPhase;
			buildActionMask = 2147483647;
			files = (
				2860742C2112E1260013628F /* ViewController.m in Sources */,
				28671C9422F2B9CE0048AFE2 /* LaunchScreenViewController.m in Sources */,
				289C539122D5DEEE000E81AD /* TableViewCell.m in Sources */,
				2860743F2112E1FE0013628F /* CustomView.m in Sources */,
				286074372112E1280013628F /* main.m in Sources */,
				28671C9722F2BA3B0048AFE2 /* LaunchView.m in Sources */,
				286074292112E1260013628F /* AppDelegate.m in Sources */,
				2846B4FD2137C71E0021C00B /* RootView.m in Sources */,
			);
			runOnlyForDeploymentPostprocessing = 0;
		};
/* End PBXSourcesBuildPhase section */

/* Begin PBXVariantGroup section */
		2860742D2112E1260013628F /* Main.storyboard */ = {
			isa = PBXVariantGroup;
			children = (
				2860742E2112E1260013628F /* Base */,
			);
			name = Main.storyboard;
			sourceTree = "<group>";
		};
		286074322112E1280013628F /* LaunchScreen.storyboard */ = {
			isa = PBXVariantGroup;
			children = (
				286074332112E1280013628F /* Base */,
				28671C9022F2B7A20048AFE2 /* en */,
				28671C9122F2B89B0048AFE2 /* zh-Hans */,
			);
			name = LaunchScreen.storyboard;
			sourceTree = "<group>";
		};
		28671C9B22F2BB900048AFE2 /* Info.plist */ = {
			isa = PBXVariantGroup;
			children = (
				28671C9A22F2BB900048AFE2 /* en */,
				28671C9C22F2BB970048AFE2 /* zh-Hans */,
			);
			name = Info.plist;
			sourceTree = "<group>";
		};
/* End PBXVariantGroup section */

/* Begin XCBuildConfiguration section */
		286074382112E1280013628F /* Debug */ = {
			isa = XCBuildConfiguration;
			buildSettings = {
				ALWAYS_SEARCH_USER_PATHS = NO;
				CLANG_ANALYZER_LOCALIZABILITY_NONLOCALIZED = YES;
				CLANG_ANALYZER_NONNULL = YES;
				CLANG_ANALYZER_NUMBER_OBJECT_CONVERSION = YES_AGGRESSIVE;
				CLANG_CXX_LANGUAGE_STANDARD = "gnu++14";
				CLANG_CXX_LIBRARY = "libc++";
				CLANG_ENABLE_MODULES = YES;
				CLANG_ENABLE_OBJC_ARC = YES;
				CLANG_ENABLE_OBJC_WEAK = YES;
				CLANG_WARN_BLOCK_CAPTURE_AUTORELEASING = YES;
				CLANG_WARN_BOOL_CONVERSION = YES;
				CLANG_WARN_COMMA = YES;
				CLANG_WARN_CONSTANT_CONVERSION = YES;
				CLANG_WARN_DEPRECATED_OBJC_IMPLEMENTATIONS = YES;
				CLANG_WARN_DIRECT_OBJC_ISA_USAGE = YES_ERROR;
				CLANG_WARN_DOCUMENTATION_COMMENTS = YES;
				CLANG_WARN_EMPTY_BODY = YES;
				CLANG_WARN_ENUM_CONVERSION = YES;
				CLANG_WARN_INFINITE_RECURSION = YES;
				CLANG_WARN_INT_CONVERSION = YES;
				CLANG_WARN_NON_LITERAL_NULL_CONVERSION = YES;
				CLANG_WARN_OBJC_IMPLICIT_RETAIN_SELF = YES;
				CLANG_WARN_OBJC_LITERAL_CONVERSION = YES;
				CLANG_WARN_OBJC_ROOT_CLASS = YES_ERROR;
				CLANG_WARN_RANGE_LOOP_ANALYSIS = YES;
				CLANG_WARN_STRICT_PROTOTYPES = YES;
				CLANG_WARN_SUSPICIOUS_MOVE = YES;
				CLANG_WARN_UNGUARDED_AVAILABILITY = YES_AGGRESSIVE;
				CLANG_WARN_UNREACHABLE_CODE = YES;
				CLANG_WARN__DUPLICATE_METHOD_MATCH = YES;
				CODE_SIGN_IDENTITY = "iPhone Developer";
				COPY_PHASE_STRIP = NO;
				DEBUG_INFORMATION_FORMAT = dwarf;
				ENABLE_STRICT_OBJC_MSGSEND = YES;
				ENABLE_TESTABILITY = YES;
				GCC_C_LANGUAGE_STANDARD = gnu11;
				GCC_DYNAMIC_NO_PIC = NO;
				GCC_NO_COMMON_BLOCKS = YES;
				GCC_OPTIMIZATION_LEVEL = 0;
				GCC_PREPROCESSOR_DEFINITIONS = (
					"DEBUG=1",
					"$(inherited)",
				);
				GCC_WARN_64_TO_32_BIT_CONVERSION = YES;
				GCC_WARN_ABOUT_RETURN_TYPE = YES_ERROR;
				GCC_WARN_UNDECLARED_SELECTOR = YES;
				GCC_WARN_UNINITIALIZED_AUTOS = YES_AGGRESSIVE;
				GCC_WARN_UNUSED_FUNCTION = YES;
				GCC_WARN_UNUSED_VARIABLE = YES;
				IPHONEOS_DEPLOYMENT_TARGET = 11.4;
				MTL_ENABLE_DEBUG_INFO = YES;
				ONLY_ACTIVE_ARCH = YES;
				SDKROOT = iphoneos;
			};
			name = Debug;
		};
		286074392112E1280013628F /* Release */ = {
			isa = XCBuildConfiguration;
			buildSettings = {
				ALWAYS_SEARCH_USER_PATHS = NO;
				CLANG_ANALYZER_LOCALIZABILITY_NONLOCALIZED = YES;
				CLANG_ANALYZER_NONNULL = YES;
				CLANG_ANALYZER_NUMBER_OBJECT_CONVERSION = YES_AGGRESSIVE;
				CLANG_CXX_LANGUAGE_STANDARD = "gnu++14";
				CLANG_CXX_LIBRARY = "libc++";
				CLANG_ENABLE_MODULES = YES;
				CLANG_ENABLE_OBJC_ARC = YES;
				CLANG_ENABLE_OBJC_WEAK = YES;
				CLANG_WARN_BLOCK_CAPTURE_AUTORELEASING = YES;
				CLANG_WARN_BOOL_CONVERSION = YES;
				CLANG_WARN_COMMA = YES;
				CLANG_WARN_CONSTANT_CONVERSION = YES;
				CLANG_WARN_DEPRECATED_OBJC_IMPLEMENTATIONS = YES;
				CLANG_WARN_DIRECT_OBJC_ISA_USAGE = YES_ERROR;
				CLANG_WARN_DOCUMENTATION_COMMENTS = YES;
				CLANG_WARN_EMPTY_BODY = YES;
				CLANG_WARN_ENUM_CONVERSION = YES;
				CLANG_WARN_INFINITE_RECURSION = YES;
				CLANG_WARN_INT_CONVERSION = YES;
				CLANG_WARN_NON_LITERAL_NULL_CONVERSION = YES;
				CLANG_WARN_OBJC_IMPLICIT_RETAIN_SELF = YES;
				CLANG_WARN_OBJC_LITERAL_CONVERSION = YES;
				CLANG_WARN_OBJC_ROOT_CLASS = YES_ERROR;
				CLANG_WARN_RANGE_LOOP_ANALYSIS = YES;
				CLANG_WARN_STRICT_PROTOTYPES = YES;
				CLANG_WARN_SUSPICIOUS_MOVE = YES;
				CLANG_WARN_UNGUARDED_AVAILABILITY = YES_AGGRESSIVE;
				CLANG_WARN_UNREACHABLE_CODE = YES;
				CLANG_WARN__DUPLICATE_METHOD_MATCH = YES;
				CODE_SIGN_IDENTITY = "iPhone Developer";
				COPY_PHASE_STRIP = NO;
				DEBUG_INFORMATION_FORMAT = "dwarf-with-dsym";
				ENABLE_NS_ASSERTIONS = NO;
				ENABLE_STRICT_OBJC_MSGSEND = YES;
				GCC_C_LANGUAGE_STANDARD = gnu11;
				GCC_NO_COMMON_BLOCKS = YES;
				GCC_WARN_64_TO_32_BIT_CONVERSION = YES;
				GCC_WARN_ABOUT_RETURN_TYPE = YES_ERROR;
				GCC_WARN_UNDECLARED_SELECTOR = YES;
				GCC_WARN_UNINITIALIZED_AUTOS = YES_AGGRESSIVE;
				GCC_WARN_UNUSED_FUNCTION = YES;
				GCC_WARN_UNUSED_VARIABLE = YES;
				IPHONEOS_DEPLOYMENT_TARGET = 11.4;
				MTL_ENABLE_DEBUG_INFO = NO;
				SDKROOT = iphoneos;
				VALIDATE_PRODUCT = YES;
			};
			name = Release;
		};
		2860743B2112E1280013628F /* Debug */ = {
			isa = XCBuildConfiguration;
			baseConfigurationReference = 960D407A80EF233F081240B0 /* Pods-test2ios.debug.xcconfig */;
			buildSettings = {
				ASSETCATALOG_COMPILER_APPICON_NAME = AppIcon;
				CODE_SIGN_STYLE = Manual;
				DEVELOPMENT_TEAM = TRG822R5DZ;
				FRAMEWORK_SEARCH_PATHS = (
					"$(inherited)",
					"$(PROJECT_DIR)/test2ios",
					"$(PROJECT_DIR)",
				);
				INFOPLIST_FILE = "test2ios/zh-Hans.lproj/Info.plist";
				LD_RUNPATH_SEARCH_PATHS = (
					"$(inherited)",
					"@executable_path/Frameworks",
				);
				PRODUCT_BUNDLE_IDENTIFIER = com.motherapp.magic;
				PRODUCT_NAME = "$(TARGET_NAME)";
				PROVISIONING_PROFILE_SPECIFIER = wildcard;
				TARGETED_DEVICE_FAMILY = "1,2";
			};
			name = Debug;
		};
		2860743C2112E1280013628F /* Release */ = {
			isa = XCBuildConfiguration;
			baseConfigurationReference = 7E705EB0CC8F2234C8F8AA76 /* Pods-test2ios.release.xcconfig */;
			buildSettings = {
				ASSETCATALOG_COMPILER_APPICON_NAME = AppIcon;
				CODE_SIGN_IDENTITY = "iPhone Distribution";
				CODE_SIGN_STYLE = Manual;
				DEVELOPMENT_TEAM = K8974K66SL;
				FRAMEWORK_SEARCH_PATHS = (
					"$(inherited)",
					"$(PROJECT_DIR)/test2ios",
					"$(PROJECT_DIR)",
				);
				INFOPLIST_FILE = "test2ios/zh-Hans.lproj/Info.plist";
				LD_RUNPATH_SEARCH_PATHS = (
					"$(inherited)",
					"@executable_path/Frameworks",
				);
				PRODUCT_BUNDLE_IDENTIFIER = com.motherapp.magic;
				PRODUCT_NAME = "$(TARGET_NAME)";
				PROVISIONING_PROFILE_SPECIFIER = "MPAPPUAT Adhoc 2018";
				TARGETED_DEVICE_FAMILY = "1,2";
			};
			name = Release;
		};
/* End XCBuildConfiguration section */

/* Begin XCConfigurationList section */
		2860741F2112E1260013628F /* Build configuration list for PBXProject "test2ios" */ = {
			isa = XCConfigurationList;
			buildConfigurations = (
				286074382112E1280013628F /* Debug */,
				286074392112E1280013628F /* Release */,
			);
			defaultConfigurationIsVisible = 0;
			defaultConfigurationName = Release;
		};
		2860743A2112E1280013628F /* Build configuration list for PBXNativeTarget "test2ios" */ = {
			isa = XCConfigurationList;
			buildConfigurations = (
				2860743B2112E1280013628F /* Debug */,
				2860743C2112E1280013628F /* Release */,
			);
			defaultConfigurationIsVisible = 0;
			defaultConfigurationName = Release;
		};
/* End XCConfigurationList section */
	};
	rootObject = 2860741C2112E1260013628F /* Project object */;
}
